// !$*UTF8*$!
{
	archiveVersion = 1;
	classes = {
	};
	objectVersion = 46;
	objects = {

/* Begin PBXBuildFile section */
		640B375222415443002305B8 /* AppDelegate.swift in Sources */ = {isa = PBXBuildFile; fileRef = 640B375122415443002305B8 /* AppDelegate.swift */; };
		640B375422415443002305B8 /* QuizViewController.swift in Sources */ = {isa = PBXBuildFile; fileRef = 640B375322415443002305B8 /* QuizViewController.swift */; };
		640B375722415443002305B8 /* Main.storyboard in Resources */ = {isa = PBXBuildFile; fileRef = 640B375522415443002305B8 /* Main.storyboard */; };
		640B375922415443002305B8 /* Assets.xcassets in Resources */ = {isa = PBXBuildFile; fileRef = 640B375822415443002305B8 /* Assets.xcassets */; };
		640B375C22415443002305B8 /* LaunchScreen.storyboard in Resources */ = {isa = PBXBuildFile; fileRef = 640B375A22415443002305B8 /* LaunchScreen.storyboard */; };
		640B376722415443002305B8 /* Quiz_v2Tests.swift in Sources */ = {isa = PBXBuildFile; fileRef = 640B376622415443002305B8 /* Quiz_v2Tests.swift */; };
		641480B02247C498003430AB /* Question.swift in Sources */ = {isa = PBXBuildFile; fileRef = 641480AF2247C498003430AB /* Question.swift */; };
		641480B62247ED8D003430AB /* QuizQuestionViewController.swift in Sources */ = {isa = PBXBuildFile; fileRef = 641480B52247ED8D003430AB /* QuizQuestionViewController.swift */; };
		643E0F8822442D0100A2FDDB /* QuizHighscoresTableViewCell.swift in Sources */ = {isa = PBXBuildFile; fileRef = 643E0F8722442D0100A2FDDB /* QuizHighscoresTableViewCell.swift */; };
		64CA16C9224AC34800D73DF3 /* QuizProfile.swift in Sources */ = {isa = PBXBuildFile; fileRef = 64CA16C8224AC34800D73DF3 /* QuizProfile.swift */; };
		64CB50992250CAAC002F3BC7 /* SettingsViewController.swift in Sources */ = {isa = PBXBuildFile; fileRef = 64CB50982250CAAC002F3BC7 /* SettingsViewController.swift */; };
		64E2DDD3224D58CA0083BD17 /* ExitScreenViewController.swift in Sources */ = {isa = PBXBuildFile; fileRef = 64E2DDD2224D58CA0083BD17 /* ExitScreenViewController.swift */; };
		64EB24812245438C005DBEF6 /* QuizHighscoresTableViewController.swift in Sources */ = {isa = PBXBuildFile; fileRef = 64EB24802245438C005DBEF6 /* QuizHighscoresTableViewController.swift */; };
		64EB2483224550AA005DBEF6 /* Highscore.swift in Sources */ = {isa = PBXBuildFile; fileRef = 64EB2482224550AA005DBEF6 /* Highscore.swift */; };
		869EC5DA2279F76400B01145 /* ProgressHUD.bundle in Resources */ = {isa = PBXBuildFile; fileRef = 869EC5D82279F76400B01145 /* ProgressHUD.bundle */; };
		869EC5DB2279F76400B01145 /* ProgressHUD.m in Sources */ = {isa = PBXBuildFile; fileRef = 869EC5D92279F76400B01145 /* ProgressHUD.m */; };
/* End PBXBuildFile section */

/* Begin PBXContainerItemProxy section */
		640B376322415443002305B8 /* PBXContainerItemProxy */ = {
			isa = PBXContainerItemProxy;
			containerPortal = 640B374622415443002305B8 /* Project object */;
			proxyType = 1;
			remoteGlobalIDString = 640B374D22415443002305B8;
			remoteInfo = "Quiz v2";
		};
/* End PBXContainerItemProxy section */

/* Begin PBXFileReference section */
		640B374E22415443002305B8 /* Quiz v2.app */ = {isa = PBXFileReference; explicitFileType = wrapper.application; includeInIndex = 0; path = "Quiz v2.app"; sourceTree = BUILT_PRODUCTS_DIR; };
		640B375122415443002305B8 /* AppDelegate.swift */ = {isa = PBXFileReference; lastKnownFileType = sourcecode.swift; path = AppDelegate.swift; sourceTree = "<group>"; };
		640B375322415443002305B8 /* QuizViewController.swift */ = {isa = PBXFileReference; lastKnownFileType = sourcecode.swift; path = "\U0011QuizViewController.swift"; sourceTree = "<group>"; };
		640B375622415443002305B8 /* Base */ = {isa = PBXFileReference; lastKnownFileType = file.storyboard; name = Base; path = Base.lproj/Main.storyboard; sourceTree = "<group>"; };
		640B375822415443002305B8 /* Assets.xcassets */ = {isa = PBXFileReference; lastKnownFileType = folder.assetcatalog; path = Assets.xcassets; sourceTree = "<group>"; };
		640B375B22415443002305B8 /* Base */ = {isa = PBXFileReference; lastKnownFileType = file.storyboard; name = Base; path = Base.lproj/LaunchScreen.storyboard; sourceTree = "<group>"; };
		640B375D22415443002305B8 /* Info.plist */ = {isa = PBXFileReference; lastKnownFileType = text.plist.xml; path = Info.plist; sourceTree = "<group>"; };
		640B376222415443002305B8 /* Quiz v2Tests.xctest */ = {isa = PBXFileReference; explicitFileType = wrapper.cfbundle; includeInIndex = 0; path = "Quiz v2Tests.xctest"; sourceTree = BUILT_PRODUCTS_DIR; };
		640B376622415443002305B8 /* Quiz_v2Tests.swift */ = {isa = PBXFileReference; lastKnownFileType = sourcecode.swift; path = Quiz_v2Tests.swift; sourceTree = "<group>"; };
		640B376822415443002305B8 /* Info.plist */ = {isa = PBXFileReference; lastKnownFileType = text.plist.xml; path = Info.plist; sourceTree = "<group>"; };
		641480AF2247C498003430AB /* Question.swift */ = {isa = PBXFileReference; lastKnownFileType = sourcecode.swift; path = Question.swift; sourceTree = "<group>"; };
		641480B52247ED8D003430AB /* QuizQuestionViewController.swift */ = {isa = PBXFileReference; lastKnownFileType = sourcecode.swift; path = QuizQuestionViewController.swift; sourceTree = "<group>"; };
		643E0F8722442D0100A2FDDB /* QuizHighscoresTableViewCell.swift */ = {isa = PBXFileReference; fileEncoding = 4; lastKnownFileType = sourcecode.swift; path = QuizHighscoresTableViewCell.swift; sourceTree = "<group>"; };
		64CA16C8224AC34800D73DF3 /* QuizProfile.swift */ = {isa = PBXFileReference; lastKnownFileType = sourcecode.swift; path = QuizProfile.swift; sourceTree = "<group>"; };
		64CB50982250CAAC002F3BC7 /* SettingsViewController.swift */ = {isa = PBXFileReference; lastKnownFileType = sourcecode.swift; path = SettingsViewController.swift; sourceTree = "<group>"; };
		64E2DDD2224D58CA0083BD17 /* ExitScreenViewController.swift */ = {isa = PBXFileReference; lastKnownFileType = sourcecode.swift; path = ExitScreenViewController.swift; sourceTree = "<group>"; };
		64EB24802245438C005DBEF6 /* QuizHighscoresTableViewController.swift */ = {isa = PBXFileReference; fileEncoding = 4; lastKnownFileType = sourcecode.swift; path = QuizHighscoresTableViewController.swift; sourceTree = "<group>"; };
		64EB2482224550AA005DBEF6 /* Highscore.swift */ = {isa = PBXFileReference; fileEncoding = 4; lastKnownFileType = sourcecode.swift; path = Highscore.swift; sourceTree = "<group>"; };
		869EC5D62279F76300B01145 /* Quiz v2-Bridging-Header.h */ = {isa = PBXFileReference; lastKnownFileType = sourcecode.c.h; path = "Quiz v2-Bridging-Header.h"; sourceTree = "<group>"; };
		869EC5D72279F76400B01145 /* ProgressHUD.h */ = {isa = PBXFileReference; fileEncoding = 4; lastKnownFileType = sourcecode.c.h; name = ProgressHUD.h; path = "../../../Desktop/ProgressHUD-master/ProgressHUD/ProgressHUD/ProgressHUD.h"; sourceTree = "<group>"; };
		869EC5D82279F76400B01145 /* ProgressHUD.bundle */ = {isa = PBXFileReference; lastKnownFileType = "wrapper.plug-in"; name = ProgressHUD.bundle; path = "../../../Desktop/ProgressHUD-master/ProgressHUD/ProgressHUD/ProgressHUD.bundle"; sourceTree = "<group>"; };
		869EC5D92279F76400B01145 /* ProgressHUD.m */ = {isa = PBXFileReference; fileEncoding = 4; lastKnownFileType = sourcecode.c.objc; name = ProgressHUD.m; path = "../../../Desktop/ProgressHUD-master/ProgressHUD/ProgressHUD/ProgressHUD.m"; sourceTree = "<group>"; };
/* End PBXFileReference section */

/* Begin PBXFrameworksBuildPhase section */
		640B374B22415443002305B8 /* Frameworks */ = {
			isa = PBXFrameworksBuildPhase;
			buildActionMask = 2147483647;
			files = (
			);
			runOnlyForDeploymentPostprocessing = 0;
		};
		640B375F22415443002305B8 /* Frameworks */ = {
			isa = PBXFrameworksBuildPhase;
			buildActionMask = 2147483647;
			files = (
			);
			runOnlyForDeploymentPostprocessing = 0;
		};
/* End PBXFrameworksBuildPhase section */

/* Begin PBXGroup section */
		640B374522415443002305B8 = {
			isa = PBXGroup;
			children = (
				640B375022415443002305B8 /* Quiz v2 */,
				640B376522415443002305B8 /* Quiz v2Tests */,
				640B374F22415443002305B8 /* Products */,
				869EC5D82279F76400B01145 /* ProgressHUD.bundle */,
				869EC5D72279F76400B01145 /* ProgressHUD.h */,
				869EC5D92279F76400B01145 /* ProgressHUD.m */,
				869EC5D62279F76300B01145 /* Quiz v2-Bridging-Header.h */,
			);
			sourceTree = "<group>";
		};
		640B374F22415443002305B8 /* Products */ = {
			isa = PBXGroup;
			children = (
				640B374E22415443002305B8 /* Quiz v2.app */,
				640B376222415443002305B8 /* Quiz v2Tests.xctest */,
			);
			name = Products;
			sourceTree = "<group>";
		};
		640B375022415443002305B8 /* Quiz v2 */ = {
			isa = PBXGroup;
			children = (
				640B375122415443002305B8 /* AppDelegate.swift */,
				640B375322415443002305B8 /* QuizViewController.swift */,
				641480B52247ED8D003430AB /* QuizQuestionViewController.swift */,
				64EB2482224550AA005DBEF6 /* Highscore.swift */,
				64E2DDD2224D58CA0083BD17 /* ExitScreenViewController.swift */,
				64CA16C8224AC34800D73DF3 /* QuizProfile.swift */,
				640B375522415443002305B8 /* Main.storyboard */,
				64CB50982250CAAC002F3BC7 /* SettingsViewController.swift */,
				64EB24802245438C005DBEF6 /* QuizHighscoresTableViewController.swift */,
				641480AF2247C498003430AB /* Question.swift */,
				643E0F8722442D0100A2FDDB /* QuizHighscoresTableViewCell.swift */,
				640B375822415443002305B8 /* Assets.xcassets */,
				640B375A22415443002305B8 /* LaunchScreen.storyboard */,
				640B375D22415443002305B8 /* Info.plist */,
			);
			path = "Quiz v2";
			sourceTree = "<group>";
		};
		640B376522415443002305B8 /* Quiz v2Tests */ = {
			isa = PBXGroup;
			children = (
				640B376622415443002305B8 /* Quiz_v2Tests.swift */,
				640B376822415443002305B8 /* Info.plist */,
			);
			path = "Quiz v2Tests";
			sourceTree = "<group>";
		};
/* End PBXGroup section */

/* Begin PBXNativeTarget section */
		640B374D22415443002305B8 /* Quiz v2 */ = {
			isa = PBXNativeTarget;
			buildConfigurationList = 640B376B22415443002305B8 /* Build configuration list for PBXNativeTarget "Quiz v2" */;
			buildPhases = (
				640B374A22415443002305B8 /* Sources */,
				640B374B22415443002305B8 /* Frameworks */,
				640B374C22415443002305B8 /* Resources */,
			);
			buildRules = (
			);
			dependencies = (
			);
			name = "Quiz v2";
			productName = "Quiz v2";
			productReference = 640B374E22415443002305B8 /* Quiz v2.app */;
			productType = "com.apple.product-type.application";
		};
		640B376122415443002305B8 /* Quiz v2Tests */ = {
			isa = PBXNativeTarget;
			buildConfigurationList = 640B376E22415443002305B8 /* Build configuration list for PBXNativeTarget "Quiz v2Tests" */;
			buildPhases = (
				640B375E22415443002305B8 /* Sources */,
				640B375F22415443002305B8 /* Frameworks */,
				640B376022415443002305B8 /* Resources */,
			);
			buildRules = (
			);
			dependencies = (
				640B376422415443002305B8 /* PBXTargetDependency */,
			);
			name = "Quiz v2Tests";
			productName = "Quiz v2Tests";
			productReference = 640B376222415443002305B8 /* Quiz v2Tests.xctest */;
			productType = "com.apple.product-type.bundle.unit-test";
		};
/* End PBXNativeTarget section */

/* Begin PBXProject section */
		640B374622415443002305B8 /* Project object */ = {
			isa = PBXProject;
			attributes = {
				LastSwiftUpdateCheck = 0730;
				LastUpgradeCheck = 1010;
				ORGANIZATIONNAME = Jonathan;
				TargetAttributes = {
					640B374D22415443002305B8 = {
						CreatedOnToolsVersion = 7.3.1;
						DevelopmentTeam = 5S8U55DUCL;
						LastSwiftMigration = 1010;
					};
					640B376122415443002305B8 = {
						CreatedOnToolsVersion = 7.3.1;
						DevelopmentTeam = 5S8U55DUCL;
						LastSwiftMigration = 1010;
						TestTargetID = 640B374D22415443002305B8;
					};
				};
			};
			buildConfigurationList = 640B374922415443002305B8 /* Build configuration list for PBXProject "Quiz v2" */;
			compatibilityVersion = "Xcode 3.2";
			developmentRegion = English;
			hasScannedForEncodings = 0;
			knownRegions = (
				en,
				Base,
			);
			mainGroup = 640B374522415443002305B8;
			productRefGroup = 640B374F22415443002305B8 /* Products */;
			projectDirPath = "";
			projectRoot = "";
			targets = (
				640B374D22415443002305B8 /* Quiz v2 */,
				640B376122415443002305B8 /* Quiz v2Tests */,
			);
		};
/* End PBXProject section */

/* Begin PBXResourcesBuildPhase section */
		640B374C22415443002305B8 /* Resources */ = {
			isa = PBXResourcesBuildPhase;
			buildActionMask = 2147483647;
			files = (
				869EC5DA2279F76400B01145 /* ProgressHUD.bundle in Resources */,
				640B375C22415443002305B8 /* LaunchScreen.storyboard in Resources */,
				640B375922415443002305B8 /* Assets.xcassets in Resources */,
				640B375722415443002305B8 /* Main.storyboard in Resources */,
			);
			runOnlyForDeploymentPostprocessing = 0;
		};
		640B376022415443002305B8 /* Resources */ = {
			isa = PBXResourcesBuildPhase;
			buildActionMask = 2147483647;
			files = (
			);
			runOnlyForDeploymentPostprocessing = 0;
		};
/* End PBXResourcesBuildPhase section */

/* Begin PBXSourcesBuildPhase section */
		640B374A22415443002305B8 /* Sources */ = {
			isa = PBXSourcesBuildPhase;
			buildActionMask = 2147483647;
			files = (
				640B375422415443002305B8 /* QuizViewController.swift in Sources */,
				64EB24812245438C005DBEF6 /* QuizHighscoresTableViewController.swift in Sources */,
				640B375222415443002305B8 /* AppDelegate.swift in Sources */,
				64CB50992250CAAC002F3BC7 /* SettingsViewController.swift in Sources */,
				641480B02247C498003430AB /* Question.swift in Sources */,
				643E0F8822442D0100A2FDDB /* QuizHighscoresTableViewCell.swift in Sources */,
				869EC5DB2279F76400B01145 /* ProgressHUD.m in Sources */,
				64E2DDD3224D58CA0083BD17 /* ExitScreenViewController.swift in Sources */,
				64EB2483224550AA005DBEF6 /* Highscore.swift in Sources */,
				64CA16C9224AC34800D73DF3 /* QuizProfile.swift in Sources */,
				641480B62247ED8D003430AB /* QuizQuestionViewController.swift in Sources */,
			);
			runOnlyForDeploymentPostprocessing = 0;
		};
		640B375E22415443002305B8 /* Sources */ = {
			isa = PBXSourcesBuildPhase;
			buildActionMask = 2147483647;
			files = (
				640B376722415443002305B8 /* Quiz_v2Tests.swift in Sources */,
			);
			runOnlyForDeploymentPostprocessing = 0;
		};
/* End PBXSourcesBuildPhase section */

/* Begin PBXTargetDependency section */
		640B376422415443002305B8 /* PBXTargetDependency */ = {
			isa = PBXTargetDependency;
			target = 640B374D22415443002305B8 /* Quiz v2 */;
			targetProxy = 640B376322415443002305B8 /* PBXContainerItemProxy */;
		};
/* End PBXTargetDependency section */

/* Begin PBXVariantGroup section */
		640B375522415443002305B8 /* Main.storyboard */ = {
			isa = PBXVariantGroup;
			children = (
				640B375622415443002305B8 /* Base */,
			);
			name = Main.storyboard;
			sourceTree = "<group>";
		};
		640B375A22415443002305B8 /* LaunchScreen.storyboard */ = {
			isa = PBXVariantGroup;
			children = (
				640B375B22415443002305B8 /* Base */,
			);
			name = LaunchScreen.storyboard;
			sourceTree = "<group>";
		};
/* End PBXVariantGroup section */

/* Begin XCBuildConfiguration section */
		640B376922415443002305B8 /* Debug */ = {
			isa = XCBuildConfiguration;
			buildSettings = {
				ALWAYS_SEARCH_USER_PATHS = NO;
				CLANG_ANALYZER_NONNULL = YES;
				CLANG_CXX_LANGUAGE_STANDARD = "gnu++0x";
				CLANG_CXX_LIBRARY = "libc++";
				CLANG_ENABLE_MODULES = YES;
				CLANG_ENABLE_OBJC_ARC = YES;
				CLANG_WARN_BLOCK_CAPTURE_AUTORELEASING = YES;
				CLANG_WARN_BOOL_CONVERSION = YES;
				CLANG_WARN_COMMA = YES;
				CLANG_WARN_CONSTANT_CONVERSION = YES;
				CLANG_WARN_DEPRECATED_OBJC_IMPLEMENTATIONS = YES;
				CLANG_WARN_DIRECT_OBJC_ISA_USAGE = YES_ERROR;
				CLANG_WARN_EMPTY_BODY = YES;
				CLANG_WARN_ENUM_CONVERSION = YES;
				CLANG_WARN_INFINITE_RECURSION = YES;
				CLANG_WARN_INT_CONVERSION = YES;
				CLANG_WARN_NON_LITERAL_NULL_CONVERSION = YES;
				CLANG_WARN_OBJC_IMPLICIT_RETAIN_SELF = YES;
				CLANG_WARN_OBJC_LITERAL_CONVERSION = YES;
				CLANG_WARN_OBJC_ROOT_CLASS = YES_ERROR;
				CLANG_WARN_RANGE_LOOP_ANALYSIS = YES;
				CLANG_WARN_STRICT_PROTOTYPES = YES;
				CLANG_WARN_SUSPICIOUS_MOVE = YES;
				CLANG_WARN_UNREACHABLE_CODE = YES;
				CLANG_WARN__DUPLICATE_METHOD_MATCH = YES;
				"CODE_SIGN_IDENTITY[sdk=iphoneos*]" = "iPhone Developer";
				COPY_PHASE_STRIP = NO;
				DEBUG_INFORMATION_FORMAT = dwarf;
				ENABLE_STRICT_OBJC_MSGSEND = YES;
				ENABLE_TESTABILITY = YES;
				GCC_C_LANGUAGE_STANDARD = gnu99;
				GCC_DYNAMIC_NO_PIC = NO;
				GCC_NO_COMMON_BLOCKS = YES;
				GCC_OPTIMIZATION_LEVEL = 0;
				GCC_PREPROCESSOR_DEFINITIONS = (
					"DEBUG=1",
					"$(inherited)",
				);
				GCC_WARN_64_TO_32_BIT_CONVERSION = YES;
				GCC_WARN_ABOUT_RETURN_TYPE = YES_ERROR;
				GCC_WARN_UNDECLARED_SELECTOR = YES;
				GCC_WARN_UNINITIALIZED_AUTOS = YES_AGGRESSIVE;
				GCC_WARN_UNUSED_FUNCTION = YES;
				GCC_WARN_UNUSED_VARIABLE = YES;
				IPHONEOS_DEPLOYMENT_TARGET = 12.0;
				MTL_ENABLE_DEBUG_INFO = YES;
				ONLY_ACTIVE_ARCH = YES;
				SDKROOT = iphoneos;
				SWIFT_OPTIMIZATION_LEVEL = "-Onone";
				TARGETED_DEVICE_FAMILY = "1,2";
			};
			name = Debug;
		};
		640B376A22415443002305B8 /* Release */ = {
			isa = XCBuildConfiguration;
			buildSettings = {
				ALWAYS_SEARCH_USER_PATHS = NO;
				CLANG_ANALYZER_NONNULL = YES;
				CLANG_CXX_LANGUAGE_STANDARD = "gnu++0x";
				CLANG_CXX_LIBRARY = "libc++";
				CLANG_ENABLE_MODULES = YES;
				CLANG_ENABLE_OBJC_ARC = YES;
				CLANG_WARN_BLOCK_CAPTURE_AUTORELEASING = YES;
				CLANG_WARN_BOOL_CONVERSION = YES;
				CLANG_WARN_COMMA = YES;
				CLANG_WARN_CONSTANT_CONVERSION = YES;
				CLANG_WARN_DEPRECATED_OBJC_IMPLEMENTATIONS = YES;
				CLANG_WARN_DIRECT_OBJC_ISA_USAGE = YES_ERROR;
				CLANG_WARN_EMPTY_BODY = YES;
				CLANG_WARN_ENUM_CONVERSION = YES;
				CLANG_WARN_INFINITE_RECURSION = YES;
				CLANG_WARN_INT_CONVERSION = YES;
				CLANG_WARN_NON_LITERAL_NULL_CONVERSION = YES;
				CLANG_WARN_OBJC_IMPLICIT_RETAIN_SELF = YES;
				CLANG_WARN_OBJC_LITERAL_CONVERSION = YES;
				CLANG_WARN_OBJC_ROOT_CLASS = YES_ERROR;
				CLANG_WARN_RANGE_LOOP_ANALYSIS = YES;
				CLANG_WARN_STRICT_PROTOTYPES = YES;
				CLANG_WARN_SUSPICIOUS_MOVE = YES;
				CLANG_WARN_UNREACHABLE_CODE = YES;
				CLANG_WARN__DUPLICATE_METHOD_MATCH = YES;
				"CODE_SIGN_IDENTITY[sdk=iphoneos*]" = "iPhone Developer";
				COPY_PHASE_STRIP = NO;
				DEBUG_INFORMATION_FORMAT = "dwarf-with-dsym";
				ENABLE_NS_ASSERTIONS = NO;
				ENABLE_STRICT_OBJC_MSGSEND = YES;
				GCC_C_LANGUAGE_STANDARD = gnu99;
				GCC_NO_COMMON_BLOCKS = YES;
				GCC_WARN_64_TO_32_BIT_CONVERSION = YES;
				GCC_WARN_ABOUT_RETURN_TYPE = YES_ERROR;
				GCC_WARN_UNDECLARED_SELECTOR = YES;
				GCC_WARN_UNINITIALIZED_AUTOS = YES_AGGRESSIVE;
				GCC_WARN_UNUSED_FUNCTION = YES;
				GCC_WARN_UNUSED_VARIABLE = YES;
				IPHONEOS_DEPLOYMENT_TARGET = 12.0;
				MTL_ENABLE_DEBUG_INFO = NO;
				SDKROOT = iphoneos;
				SWIFT_OPTIMIZATION_LEVEL = "-Owholemodule";
				TARGETED_DEVICE_FAMILY = "1,2";
				VALIDATE_PRODUCT = YES;
			};
			name = Release;
		};
		640B376C22415443002305B8 /* Debug */ = {
			isa = XCBuildConfiguration;
			buildSettings = {
				ASSETCATALOG_COMPILER_APPICON_NAME = AppIcon;
				CLANG_ENABLE_MODULES = YES;
				CODE_SIGN_IDENTITY = "iPhone Developer";
				DEVELOPMENT_TEAM = 5S8U55DUCL;
				INFOPLIST_FILE = "Quiz v2/Info.plist";
				LD_RUNPATH_SEARCH_PATHS = "$(inherited) @executable_path/Frameworks";
				PRODUCT_BUNDLE_IDENTIFIER = "com.JFKF.Quiz-v2";
				PRODUCT_NAME = "$(TARGET_NAME)";
				SWIFT_OBJC_BRIDGING_HEADER = "Quiz v2-Bridging-Header.h";
				SWIFT_OPTIMIZATION_LEVEL = "-Onone";
				SWIFT_SWIFT3_OBJC_INFERENCE = Default;
				SWIFT_VERSION = 4.2;
				TARGETED_DEVICE_FAMILY = "1,2";
			};
			name = Debug;
		};
		640B376D22415443002305B8 /* Release */ = {
			isa = XCBuildConfiguration;
			buildSettings = {
				ASSETCATALOG_COMPILER_APPICON_NAME = AppIcon;
				CLANG_ENABLE_MODULES = YES;
				CODE_SIGN_IDENTITY = "iPhone Developer";
				DEVELOPMENT_TEAM = 5S8U55DUCL;
				INFOPLIST_FILE = "Quiz v2/Info.plist";
				LD_RUNPATH_SEARCH_PATHS = "$(inherited) @executable_path/Frameworks";
				PRODUCT_BUNDLE_IDENTIFIER = "com.JFKF.Quiz-v2";
				PRODUCT_NAME = "$(TARGET_NAME)";
				SWIFT_OBJC_BRIDGING_HEADER = "Quiz v2-Bridging-Header.h";
				SWIFT_SWIFT3_OBJC_INFERENCE = Default;
				SWIFT_VERSION = 4.2;
				TARGETED_DEVICE_FAMILY = "1,2";
			};
			name = Release;
		};
		640B376F22415443002305B8 /* Debug */ = {
			isa = XCBuildConfiguration;
			buildSettings = {
				BUNDLE_LOADER = "$(TEST_HOST)";
				DEVELOPMENT_TEAM = 5S8U55DUCL;
				INFOPLIST_FILE = "Quiz v2Tests/Info.plist";
				LD_RUNPATH_SEARCH_PATHS = "$(inherited) @executable_path/Frameworks @loader_path/Frameworks";
				PRODUCT_BUNDLE_IDENTIFIER = "com.JFKF.Quiz-v2Tests";
				PRODUCT_NAME = "$(TARGET_NAME)";
				SWIFT_SWIFT3_OBJC_INFERENCE = Default;
				SWIFT_VERSION = 4.2;
				TEST_HOST = "$(BUILT_PRODUCTS_DIR)/Quiz v2.app/Quiz v2";
			};
			name = Debug;
		};
		640B377022415443002305B8 /* Release */ = {
			isa = XCBuildConfiguration;
			buildSettings = {
				BUNDLE_LOADER = "$(TEST_HOST)";
				DEVELOPMENT_TEAM = 5S8U55DUCL;
				INFOPLIST_FILE = "Quiz v2Tests/Info.plist";
				LD_RUNPATH_SEARCH_PATHS = "$(inherited) @executable_path/Frameworks @loader_path/Frameworks";
				PRODUCT_BUNDLE_IDENTIFIER = "com.JFKF.Quiz-v2Tests";
				PRODUCT_NAME = "$(TARGET_NAME)";
				SWIFT_SWIFT3_OBJC_INFERENCE = Default;
				SWIFT_VERSION = 4.2;
				TEST_HOST = "$(BUILT_PRODUCTS_DIR)/Quiz v2.app/Quiz v2";
			};
			name = Release;
		};
/* End XCBuildConfiguration section */

/* Begin XCConfigurationList section */
		640B374922415443002305B8 /* Build configuration list for PBXProject "Quiz v2" */ = {
			isa = XCConfigurationList;
			buildConfigurations = (
				640B376922415443002305B8 /* Debug */,
				640B376A22415443002305B8 /* Release */,
			);
			defaultConfigurationIsVisible = 0;
			defaultConfigurationName = Release;
		};
		640B376B22415443002305B8 /* Build configuration list for PBXNativeTarget "Quiz v2" */ = {
			isa = XCConfigurationList;
			buildConfigurations = (
				640B376C22415443002305B8 /* Debug */,
				640B376D22415443002305B8 /* Release */,
			);
			defaultConfigurationIsVisible = 0;
			defaultConfigurationName = Release;
		};
		640B376E22415443002305B8 /* Build configuration list for PBXNativeTarget "Quiz v2Tests" */ = {
			isa = XCConfigurationList;
			buildConfigurations = (
				640B376F22415443002305B8 /* Debug */,
				640B377022415443002305B8 /* Release */,
			);
			defaultConfigurationIsVisible = 0;
			defaultConfigurationName = Release;
		};
/* End XCConfigurationList section */
	};
	rootObject = 640B374622415443002305B8 /* Project object */;
}
